{
  "requires": true,
  "lockfileVersion": 1,
  "dependencies": {
    "accountsui-bootstrap5": {
      "version": "0.1.2",
      "resolved": "https://registry.npmjs.org/accountsui-bootstrap5/-/accountsui-bootstrap5-0.1.2.tgz",
      "integrity": "sha512-ZCHeFxe+w8HD3Rrj6U5OvAq/YQoaawHSFtrVcFNGhad8irg1OMe5M5qPCzm86jurpSQQsT/5snj7Cd2dQ6mj1A=="
    }
  }
}
